// !$*UTF8*$!
{
	archiveVersion = 1;
	classes = {
	};
	objectVersion = 50;
	objects = {

/* Begin PBXBuildFile section */
		9C203E8A26BA7C7400BB0731 /* IconPickerView.swift in Sources */ = {isa = PBXBuildFile; fileRef = 9C203E8926BA7C7400BB0731 /* IconPickerView.swift */; };
		9C27CA6B26A1138E00FAFC64 /* AddButton.swift in Sources */ = {isa = PBXBuildFile; fileRef = 9C27CA6A26A1138E00FAFC64 /* AddButton.swift */; };
		9C27CA6D26A114EF00FAFC64 /* TotalCard.swift in Sources */ = {isa = PBXBuildFile; fileRef = 9C27CA6C26A114EF00FAFC64 /* TotalCard.swift */; };
		9C27CA6F26A1158500FAFC64 /* SubscriptionListCard.swift in Sources */ = {isa = PBXBuildFile; fileRef = 9C27CA6E26A1158500FAFC64 /* SubscriptionListCard.swift */; };
		9C27CA7126A1182A00FAFC64 /* SubscriptionCard.swift in Sources */ = {isa = PBXBuildFile; fileRef = 9C27CA7026A1182A00FAFC64 /* SubscriptionCard.swift */; };
		9C27CA7326A1186E00FAFC64 /* UpcomingCards.swift in Sources */ = {isa = PBXBuildFile; fileRef = 9C27CA7226A1186E00FAFC64 /* UpcomingCards.swift */; };
		9C3F203E26DF733100A1DD6F /* String+Ext.swift in Sources */ = {isa = PBXBuildFile; fileRef = 9C3F203D26DF733000A1DD6F /* String+Ext.swift */; };
		9C46FC6226B8E7110085961E /* STError.swift in Sources */ = {isa = PBXBuildFile; fileRef = 9C46FC6126B8E7110085961E /* STError.swift */; };
		9C46FC6426B8E7910085961E /* AlertItem.swift in Sources */ = {isa = PBXBuildFile; fileRef = 9C46FC6326B8E7910085961E /* AlertItem.swift */; };
		9C5FC60126A6B7AA00C4673E /* Upcoming.swift in Sources */ = {isa = PBXBuildFile; fileRef = 9C5FC60026A6B7AA00C4673E /* Upcoming.swift */; };
		9C5FC60326A6B7C400C4673E /* Symbols.swift in Sources */ = {isa = PBXBuildFile; fileRef = 9C5FC60226A6B7C400C4673E /* Symbols.swift */; };
		9C5FC60526A6B7D700C4673E /* PaymentFrequency.swift in Sources */ = {isa = PBXBuildFile; fileRef = 9C5FC60426A6B7D700C4673E /* PaymentFrequency.swift */; };
		9C6B26B9268FDD2400E4D428 /* SubTrackApp.swift in Sources */ = {isa = PBXBuildFile; fileRef = 9C6B26B8268FDD2400E4D428 /* SubTrackApp.swift */; };
		9C6B26BB268FDD2400E4D428 /* AllSubscriptionsView.swift in Sources */ = {isa = PBXBuildFile; fileRef = 9C6B26BA268FDD2400E4D428 /* AllSubscriptionsView.swift */; };
		9C6B26BD268FDD2600E4D428 /* Assets.xcassets in Resources */ = {isa = PBXBuildFile; fileRef = 9C6B26BC268FDD2600E4D428 /* Assets.xcassets */; };
		9C6B26C0268FDD2600E4D428 /* Preview Assets.xcassets in Resources */ = {isa = PBXBuildFile; fileRef = 9C6B26BF268FDD2600E4D428 /* Preview Assets.xcassets */; };
		9C6B26CA268FF74000E4D428 /* UpcomingSubscriptionsView.swift in Sources */ = {isa = PBXBuildFile; fileRef = 9C6B26C9268FF74000E4D428 /* UpcomingSubscriptionsView.swift */; };
		9C6B26CC268FF76000E4D428 /* SubTrackTabView.swift in Sources */ = {isa = PBXBuildFile; fileRef = 9C6B26CB268FF76000E4D428 /* SubTrackTabView.swift */; };
		9C6B26CE26901F2E00E4D428 /* Subscription.swift in Sources */ = {isa = PBXBuildFile; fileRef = 9C6B26CD26901F2E00E4D428 /* Subscription.swift */; };
		9C70027E26D51A5A00515425 /* AllSubsEmptyState.swift in Sources */ = {isa = PBXBuildFile; fileRef = 9C70027D26D51A5A00515425 /* AllSubsEmptyState.swift */; };
		9C70028026D51AC400515425 /* UpcomingEmptyState.swift in Sources */ = {isa = PBXBuildFile; fileRef = 9C70027F26D51AC400515425 /* UpcomingEmptyState.swift */; };
		9C83DBB126CE87A5002A5F02 /* TotalCostDetailView.swift in Sources */ = {isa = PBXBuildFile; fileRef = 9C83DBB026CE87A5002A5F02 /* TotalCostDetailView.swift */; };
		9C84ED2826BCB67000B5F2B5 /* SubscriptionDetailView.swift in Sources */ = {isa = PBXBuildFile; fileRef = 9C84ED2726BCB67000B5F2B5 /* SubscriptionDetailView.swift */; };
		9C9E0EDE269198EE006445CF /* SubTrackViewModel.swift in Sources */ = {isa = PBXBuildFile; fileRef = 9C9E0EDD269198EE006445CF /* SubTrackViewModel.swift */; };
		9CA45F9E2693A69E008344A4 /* AddSubscriptionView.swift in Sources */ = {isa = PBXBuildFile; fileRef = 9CA45F9D2693A69E008344A4 /* AddSubscriptionView.swift */; };
		9CA45FA02693AF22008344A4 /* XDismissButton.swift in Sources */ = {isa = PBXBuildFile; fileRef = 9CA45F9F2693AF22008344A4 /* XDismissButton.swift */; };
		9CA45FA2269402F3008344A4 /* Date+Ext.swift in Sources */ = {isa = PBXBuildFile; fileRef = 9CA45FA1269402F3008344A4 /* Date+Ext.swift */; };
		9CC9C7C426C1236D0058D5F8 /* EditSubscriptionView.swift in Sources */ = {isa = PBXBuildFile; fileRef = 9CC9C7C326C1236D0058D5F8 /* EditSubscriptionView.swift */; };
		9CD1F02926D6433A00C0AE0E /* LocalNotificationManager.swift in Sources */ = {isa = PBXBuildFile; fileRef = 9CD1F02826D6433A00C0AE0E /* LocalNotificationManager.swift */; };
		9CD6B8A426DA01DE00FAC934 /* Icon.swift in Sources */ = {isa = PBXBuildFile; fileRef = 9CD6B8A326DA01DE00FAC934 /* Icon.swift */; };
/* End PBXBuildFile section */

/* Begin PBXFileReference section */
		9C203E8926BA7C7400BB0731 /* IconPickerView.swift */ = {isa = PBXFileReference; lastKnownFileType = sourcecode.swift; path = IconPickerView.swift; sourceTree = "<group>"; };
		9C27CA6A26A1138E00FAFC64 /* AddButton.swift */ = {isa = PBXFileReference; lastKnownFileType = sourcecode.swift; path = AddButton.swift; sourceTree = "<group>"; };
		9C27CA6C26A114EF00FAFC64 /* TotalCard.swift */ = {isa = PBXFileReference; lastKnownFileType = sourcecode.swift; path = TotalCard.swift; sourceTree = "<group>"; };
		9C27CA6E26A1158500FAFC64 /* SubscriptionListCard.swift */ = {isa = PBXFileReference; lastKnownFileType = sourcecode.swift; path = SubscriptionListCard.swift; sourceTree = "<group>"; };
		9C27CA7026A1182A00FAFC64 /* SubscriptionCard.swift */ = {isa = PBXFileReference; lastKnownFileType = sourcecode.swift; path = SubscriptionCard.swift; sourceTree = "<group>"; };
		9C27CA7226A1186E00FAFC64 /* UpcomingCards.swift */ = {isa = PBXFileReference; lastKnownFileType = sourcecode.swift; path = UpcomingCards.swift; sourceTree = "<group>"; };
		9C3F203D26DF733000A1DD6F /* String+Ext.swift */ = {isa = PBXFileReference; lastKnownFileType = sourcecode.swift; path = "String+Ext.swift"; sourceTree = "<group>"; };
		9C46FC6126B8E7110085961E /* STError.swift */ = {isa = PBXFileReference; lastKnownFileType = sourcecode.swift; path = STError.swift; sourceTree = "<group>"; };
		9C46FC6326B8E7910085961E /* AlertItem.swift */ = {isa = PBXFileReference; lastKnownFileType = sourcecode.swift; path = AlertItem.swift; sourceTree = "<group>"; };
		9C5FC60026A6B7AA00C4673E /* Upcoming.swift */ = {isa = PBXFileReference; lastKnownFileType = sourcecode.swift; path = Upcoming.swift; sourceTree = "<group>"; };
		9C5FC60226A6B7C400C4673E /* Symbols.swift */ = {isa = PBXFileReference; lastKnownFileType = sourcecode.swift; path = Symbols.swift; sourceTree = "<group>"; };
		9C5FC60426A6B7D700C4673E /* PaymentFrequency.swift */ = {isa = PBXFileReference; lastKnownFileType = sourcecode.swift; path = PaymentFrequency.swift; sourceTree = "<group>"; };
		9C6B26B5268FDD2400E4D428 /* SubTrack.app */ = {isa = PBXFileReference; explicitFileType = wrapper.application; includeInIndex = 0; path = SubTrack.app; sourceTree = BUILT_PRODUCTS_DIR; };
		9C6B26B8268FDD2400E4D428 /* SubTrackApp.swift */ = {isa = PBXFileReference; lastKnownFileType = sourcecode.swift; path = SubTrackApp.swift; sourceTree = "<group>"; };
		9C6B26BA268FDD2400E4D428 /* AllSubscriptionsView.swift */ = {isa = PBXFileReference; lastKnownFileType = sourcecode.swift; path = AllSubscriptionsView.swift; sourceTree = "<group>"; };
		9C6B26BC268FDD2600E4D428 /* Assets.xcassets */ = {isa = PBXFileReference; lastKnownFileType = folder.assetcatalog; path = Assets.xcassets; sourceTree = "<group>"; };
		9C6B26BF268FDD2600E4D428 /* Preview Assets.xcassets */ = {isa = PBXFileReference; lastKnownFileType = folder.assetcatalog; path = "Preview Assets.xcassets"; sourceTree = "<group>"; };
		9C6B26C1268FDD2600E4D428 /* Info.plist */ = {isa = PBXFileReference; lastKnownFileType = text.plist.xml; path = Info.plist; sourceTree = "<group>"; };
		9C6B26C9268FF74000E4D428 /* UpcomingSubscriptionsView.swift */ = {isa = PBXFileReference; lastKnownFileType = sourcecode.swift; path = UpcomingSubscriptionsView.swift; sourceTree = "<group>"; };
		9C6B26CB268FF76000E4D428 /* SubTrackTabView.swift */ = {isa = PBXFileReference; lastKnownFileType = sourcecode.swift; path = SubTrackTabView.swift; sourceTree = "<group>"; };
		9C6B26CD26901F2E00E4D428 /* Subscription.swift */ = {isa = PBXFileReference; lastKnownFileType = sourcecode.swift; path = Subscription.swift; sourceTree = "<group>"; };
		9C70027D26D51A5A00515425 /* AllSubsEmptyState.swift */ = {isa = PBXFileReference; lastKnownFileType = sourcecode.swift; path = AllSubsEmptyState.swift; sourceTree = "<group>"; };
		9C70027F26D51AC400515425 /* UpcomingEmptyState.swift */ = {isa = PBXFileReference; lastKnownFileType = sourcecode.swift; path = UpcomingEmptyState.swift; sourceTree = "<group>"; };
		9C83DBB026CE87A5002A5F02 /* TotalCostDetailView.swift */ = {isa = PBXFileReference; lastKnownFileType = sourcecode.swift; path = TotalCostDetailView.swift; sourceTree = "<group>"; };
		9C84ED2726BCB67000B5F2B5 /* SubscriptionDetailView.swift */ = {isa = PBXFileReference; lastKnownFileType = sourcecode.swift; path = SubscriptionDetailView.swift; sourceTree = "<group>"; };
		9C9E0EDD269198EE006445CF /* SubTrackViewModel.swift */ = {isa = PBXFileReference; lastKnownFileType = sourcecode.swift; path = SubTrackViewModel.swift; sourceTree = "<group>"; };
		9CA45F9D2693A69E008344A4 /* AddSubscriptionView.swift */ = {isa = PBXFileReference; lastKnownFileType = sourcecode.swift; path = AddSubscriptionView.swift; sourceTree = "<group>"; };
		9CA45F9F2693AF22008344A4 /* XDismissButton.swift */ = {isa = PBXFileReference; lastKnownFileType = sourcecode.swift; path = XDismissButton.swift; sourceTree = "<group>"; };
		9CA45FA1269402F3008344A4 /* Date+Ext.swift */ = {isa = PBXFileReference; lastKnownFileType = sourcecode.swift; path = "Date+Ext.swift"; sourceTree = "<group>"; };
		9CC9C7C326C1236D0058D5F8 /* EditSubscriptionView.swift */ = {isa = PBXFileReference; lastKnownFileType = sourcecode.swift; path = EditSubscriptionView.swift; sourceTree = "<group>"; };
		9CD1F02826D6433A00C0AE0E /* LocalNotificationManager.swift */ = {isa = PBXFileReference; lastKnownFileType = sourcecode.swift; path = LocalNotificationManager.swift; sourceTree = "<group>"; };
		9CD6B8A326DA01DE00FAC934 /* Icon.swift */ = {isa = PBXFileReference; lastKnownFileType = sourcecode.swift; path = Icon.swift; sourceTree = "<group>"; };
/* End PBXFileReference section */

/* Begin PBXFrameworksBuildPhase section */
		9C6B26B2268FDD2400E4D428 /* Frameworks */ = {
			isa = PBXFrameworksBuildPhase;
			buildActionMask = 2147483647;
			files = (
			);
			runOnlyForDeploymentPostprocessing = 0;
		};
/* End PBXFrameworksBuildPhase section */

/* Begin PBXGroup section */
		9C203E8B26BA7EAC00BB0731 /* IconPickerView */ = {
			isa = PBXGroup;
			children = (
				9C203E8926BA7C7400BB0731 /* IconPickerView.swift */,
			);
			path = IconPickerView;
			sourceTree = "<group>";
		};
		9C46FC6026B8E6FA0085961E /* Alerts */ = {
			isa = PBXGroup;
			children = (
				9C46FC6126B8E7110085961E /* STError.swift */,
				9C46FC6326B8E7910085961E /* AlertItem.swift */,
			);
			path = Alerts;
			sourceTree = "<group>";
		};
		9C6B26AC268FDD2400E4D428 = {
			isa = PBXGroup;
			children = (
				9C6B26B7268FDD2400E4D428 /* SubTrack */,
				9C6B26B6268FDD2400E4D428 /* Products */,
			);
			sourceTree = "<group>";
		};
		9C6B26B6268FDD2400E4D428 /* Products */ = {
			isa = PBXGroup;
			children = (
				9C6B26B5268FDD2400E4D428 /* SubTrack.app */,
			);
			name = Products;
			sourceTree = "<group>";
		};
		9C6B26B7268FDD2400E4D428 /* SubTrack */ = {
			isa = PBXGroup;
			children = (
				9CE8578926B69B79001D7A3E /* Utilities */,
				9CE8578526B6971D001D7A3E /* Views */,
				9CE8578426B696F8001D7A3E /* Models */,
				9CE8578326B696F0001D7A3E /* Screens */,
				9C6B26B8268FDD2400E4D428 /* SubTrackApp.swift */,
				9C6B26BC268FDD2600E4D428 /* Assets.xcassets */,
				9C6B26C1268FDD2600E4D428 /* Info.plist */,
				9C6B26BE268FDD2600E4D428 /* Preview Content */,
			);
			path = SubTrack;
			sourceTree = "<group>";
		};
		9C6B26BE268FDD2600E4D428 /* Preview Content */ = {
			isa = PBXGroup;
			children = (
				9C6B26BF268FDD2600E4D428 /* Preview Assets.xcassets */,
			);
			path = "Preview Content";
			sourceTree = "<group>";
		};
		9C83DBAF26CE86EC002A5F02 /* TotalCostDetailView */ = {
			isa = PBXGroup;
			children = (
				9C83DBB026CE87A5002A5F02 /* TotalCostDetailView.swift */,
			);
			path = TotalCostDetailView;
			sourceTree = "<group>";
		};
		9C84ED2626BCB64400B5F2B5 /* SubscriptionDetailView */ = {
			isa = PBXGroup;
			children = (
				9C84ED2726BCB67000B5F2B5 /* SubscriptionDetailView.swift */,
				9CC9C7C226C123250058D5F8 /* EditSubscriptionView */,
			);
			path = SubscriptionDetailView;
			sourceTree = "<group>";
		};
		9CC9C7C226C123250058D5F8 /* EditSubscriptionView */ = {
			isa = PBXGroup;
			children = (
				9CC9C7C326C1236D0058D5F8 /* EditSubscriptionView.swift */,
			);
			path = EditSubscriptionView;
			sourceTree = "<group>";
		};
		9CD6B8A226DA019000FAC934 /* Icon */ = {
			isa = PBXGroup;
			children = (
				9CD6B8A326DA01DE00FAC934 /* Icon.swift */,
			);
			path = Icon;
			sourceTree = "<group>";
		};
		9CE8578326B696F0001D7A3E /* Screens */ = {
			isa = PBXGroup;
			children = (
				9C6B26CB268FF76000E4D428 /* SubTrackTabView.swift */,
				9C9E0EDD269198EE006445CF /* SubTrackViewModel.swift */,
				9CE8578626B69ADA001D7A3E /* AllSubscriptionsView */,
				9CE8578726B69AE7001D7A3E /* UpcomingSubscriptionsView */,
				9CE8578826B69AF4001D7A3E /* AddSubscriptionsView */,
				9C203E8B26BA7EAC00BB0731 /* IconPickerView */,
				9C84ED2626BCB64400B5F2B5 /* SubscriptionDetailView */,
			);
			path = Screens;
			sourceTree = "<group>";
		};
		9CE8578426B696F8001D7A3E /* Models */ = {
			isa = PBXGroup;
			children = (
				9C6B26CD26901F2E00E4D428 /* Subscription.swift */,
				9C5FC60026A6B7AA00C4673E /* Upcoming.swift */,
				9C5FC60226A6B7C400C4673E /* Symbols.swift */,
				9C5FC60426A6B7D700C4673E /* PaymentFrequency.swift */,
				9CD1F02826D6433A00C0AE0E /* LocalNotificationManager.swift */,
			);
			path = Models;
			sourceTree = "<group>";
		};
		9CE8578526B6971D001D7A3E /* Views */ = {
			isa = PBXGroup;
			children = (
				9CD6B8A226DA019000FAC934 /* Icon */,
				9CE8578F26B69E41001D7A3E /* Cards */,
				9CE8578C26B69DB9001D7A3E /* EmptyStates */,
				9CE8578B26B69C24001D7A3E /* Buttons */,
			);
			path = Views;
			sourceTree = "<group>";
		};
		9CE8578626B69ADA001D7A3E /* AllSubscriptionsView */ = {
			isa = PBXGroup;
			children = (
				9C6B26BA268FDD2400E4D428 /* AllSubscriptionsView.swift */,
				9C83DBAF26CE86EC002A5F02 /* TotalCostDetailView */,
			);
			path = AllSubscriptionsView;
			sourceTree = "<group>";
		};
		9CE8578726B69AE7001D7A3E /* UpcomingSubscriptionsView */ = {
			isa = PBXGroup;
			children = (
				9C6B26C9268FF74000E4D428 /* UpcomingSubscriptionsView.swift */,
			);
			path = UpcomingSubscriptionsView;
			sourceTree = "<group>";
		};
		9CE8578826B69AF4001D7A3E /* AddSubscriptionsView */ = {
			isa = PBXGroup;
			children = (
				9CA45F9D2693A69E008344A4 /* AddSubscriptionView.swift */,
			);
			path = AddSubscriptionsView;
			sourceTree = "<group>";
		};
		9CE8578926B69B79001D7A3E /* Utilities */ = {
			isa = PBXGroup;
			children = (
				9C46FC6026B8E6FA0085961E /* Alerts */,
				9CE8578A26B69B84001D7A3E /* Extensions */,
			);
			path = Utilities;
			sourceTree = "<group>";
		};
		9CE8578A26B69B84001D7A3E /* Extensions */ = {
			isa = PBXGroup;
			children = (
				9CA45FA1269402F3008344A4 /* Date+Ext.swift */,
				9C3F203D26DF733000A1DD6F /* String+Ext.swift */,
			);
			path = Extensions;
			sourceTree = "<group>";
		};
		9CE8578B26B69C24001D7A3E /* Buttons */ = {
			isa = PBXGroup;
			children = (
				9CA45F9F2693AF22008344A4 /* XDismissButton.swift */,
				9C27CA6A26A1138E00FAFC64 /* AddButton.swift */,
			);
			path = Buttons;
			sourceTree = "<group>";
		};
		9CE8578C26B69DB9001D7A3E /* EmptyStates */ = {
			isa = PBXGroup;
			children = (
				9C70027D26D51A5A00515425 /* AllSubsEmptyState.swift */,
				9C70027F26D51AC400515425 /* UpcomingEmptyState.swift */,
			);
			path = EmptyStates;
			sourceTree = "<group>";
		};
		9CE8578D26B69E22001D7A3E /* Subscription */ = {
			isa = PBXGroup;
			children = (
				9C27CA7026A1182A00FAFC64 /* SubscriptionCard.swift */,
			);
			path = Subscription;
			sourceTree = "<group>";
		};
		9CE8578E26B69E2F001D7A3E /* SubscriptionList */ = {
			isa = PBXGroup;
			children = (
				9C27CA6E26A1158500FAFC64 /* SubscriptionListCard.swift */,
			);
			path = SubscriptionList;
			sourceTree = "<group>";
		};
		9CE8578F26B69E41001D7A3E /* Cards */ = {
			isa = PBXGroup;
			children = (
				9CE8579126B69F12001D7A3E /* Upcoming */,
				9CE8578D26B69E22001D7A3E /* Subscription */,
				9CE8578E26B69E2F001D7A3E /* SubscriptionList */,
				9CE8579026B69E68001D7A3E /* Total */,
			);
			path = Cards;
			sourceTree = "<group>";
		};
		9CE8579026B69E68001D7A3E /* Total */ = {
			isa = PBXGroup;
			children = (
				9C27CA6C26A114EF00FAFC64 /* TotalCard.swift */,
			);
			path = Total;
			sourceTree = "<group>";
		};
		9CE8579126B69F12001D7A3E /* Upcoming */ = {
			isa = PBXGroup;
			children = (
				9C27CA7226A1186E00FAFC64 /* UpcomingCards.swift */,
			);
			path = Upcoming;
			sourceTree = "<group>";
		};
/* End PBXGroup section */

/* Begin PBXNativeTarget section */
		9C6B26B4268FDD2400E4D428 /* SubTrack */ = {
			isa = PBXNativeTarget;
			buildConfigurationList = 9C6B26C4268FDD2600E4D428 /* Build configuration list for PBXNativeTarget "SubTrack" */;
			buildPhases = (
				9C6B26B1268FDD2400E4D428 /* Sources */,
				9C6B26B2268FDD2400E4D428 /* Frameworks */,
				9C6B26B3268FDD2400E4D428 /* Resources */,
			);
			buildRules = (
			);
			dependencies = (
			);
			name = SubTrack;
			productName = SubTrack;
			productReference = 9C6B26B5268FDD2400E4D428 /* SubTrack.app */;
			productType = "com.apple.product-type.application";
		};
/* End PBXNativeTarget section */

/* Begin PBXProject section */
		9C6B26AD268FDD2400E4D428 /* Project object */ = {
			isa = PBXProject;
			attributes = {
				LastSwiftUpdateCheck = 1250;
				LastUpgradeCheck = 1250;
				TargetAttributes = {
					9C6B26B4268FDD2400E4D428 = {
						CreatedOnToolsVersion = 12.5.1;
					};
				};
			};
			buildConfigurationList = 9C6B26B0268FDD2400E4D428 /* Build configuration list for PBXProject "SubTrack" */;
			compatibilityVersion = "Xcode 9.3";
			developmentRegion = en;
			hasScannedForEncodings = 0;
			knownRegions = (
				en,
				Base,
			);
			mainGroup = 9C6B26AC268FDD2400E4D428;
			productRefGroup = 9C6B26B6268FDD2400E4D428 /* Products */;
			projectDirPath = "";
			projectRoot = "";
			targets = (
				9C6B26B4268FDD2400E4D428 /* SubTrack */,
			);
		};
/* End PBXProject section */

/* Begin PBXResourcesBuildPhase section */
		9C6B26B3268FDD2400E4D428 /* Resources */ = {
			isa = PBXResourcesBuildPhase;
			buildActionMask = 2147483647;
			files = (
				9C6B26C0268FDD2600E4D428 /* Preview Assets.xcassets in Resources */,
				9C6B26BD268FDD2600E4D428 /* Assets.xcassets in Resources */,
			);
			runOnlyForDeploymentPostprocessing = 0;
		};
/* End PBXResourcesBuildPhase section */

/* Begin PBXSourcesBuildPhase section */
		9C6B26B1268FDD2400E4D428 /* Sources */ = {
			isa = PBXSourcesBuildPhase;
			buildActionMask = 2147483647;
			files = (
				9CA45FA2269402F3008344A4 /* Date+Ext.swift in Sources */,
				9C5FC60326A6B7C400C4673E /* Symbols.swift in Sources */,
				9C6B26BB268FDD2400E4D428 /* AllSubscriptionsView.swift in Sources */,
				9C46FC6226B8E7110085961E /* STError.swift in Sources */,
				9C9E0EDE269198EE006445CF /* SubTrackViewModel.swift in Sources */,
				9C203E8A26BA7C7400BB0731 /* IconPickerView.swift in Sources */,
				9C27CA7326A1186E00FAFC64 /* UpcomingCards.swift in Sources */,
				9C27CA7126A1182A00FAFC64 /* SubscriptionCard.swift in Sources */,
				9C27CA6B26A1138E00FAFC64 /* AddButton.swift in Sources */,
				9C27CA6F26A1158500FAFC64 /* SubscriptionListCard.swift in Sources */,
				9C84ED2826BCB67000B5F2B5 /* SubscriptionDetailView.swift in Sources */,
				9CA45F9E2693A69E008344A4 /* AddSubscriptionView.swift in Sources */,
				9C5FC60526A6B7D700C4673E /* PaymentFrequency.swift in Sources */,
				9C6B26CC268FF76000E4D428 /* SubTrackTabView.swift in Sources */,
				9C46FC6426B8E7910085961E /* AlertItem.swift in Sources */,
				9C6B26CA268FF74000E4D428 /* UpcomingSubscriptionsView.swift in Sources */,
				9CD1F02926D6433A00C0AE0E /* LocalNotificationManager.swift in Sources */,
				9C70027E26D51A5A00515425 /* AllSubsEmptyState.swift in Sources */,
				9C6B26B9268FDD2400E4D428 /* SubTrackApp.swift in Sources */,
				9CC9C7C426C1236D0058D5F8 /* EditSubscriptionView.swift in Sources */,
				9C83DBB126CE87A5002A5F02 /* TotalCostDetailView.swift in Sources */,
				9CD6B8A426DA01DE00FAC934 /* Icon.swift in Sources */,
				9C3F203E26DF733100A1DD6F /* String+Ext.swift in Sources */,
				9C5FC60126A6B7AA00C4673E /* Upcoming.swift in Sources */,
				9C27CA6D26A114EF00FAFC64 /* TotalCard.swift in Sources */,
				9C6B26CE26901F2E00E4D428 /* Subscription.swift in Sources */,
				9CA45FA02693AF22008344A4 /* XDismissButton.swift in Sources */,
				9C70028026D51AC400515425 /* UpcomingEmptyState.swift in Sources */,
			);
			runOnlyForDeploymentPostprocessing = 0;
		};
/* End PBXSourcesBuildPhase section */

/* Begin XCBuildConfiguration section */
		9C6B26C2268FDD2600E4D428 /* Debug */ = {
			isa = XCBuildConfiguration;
			buildSettings = {
				ALWAYS_SEARCH_USER_PATHS = NO;
				CLANG_ANALYZER_NONNULL = YES;
				CLANG_ANALYZER_NUMBER_OBJECT_CONVERSION = YES_AGGRESSIVE;
				CLANG_CXX_LANGUAGE_STANDARD = "gnu++14";
				CLANG_CXX_LIBRARY = "libc++";
				CLANG_ENABLE_MODULES = YES;
				CLANG_ENABLE_OBJC_ARC = YES;
				CLANG_ENABLE_OBJC_WEAK = YES;
				CLANG_WARN_BLOCK_CAPTURE_AUTORELEASING = YES;
				CLANG_WARN_BOOL_CONVERSION = YES;
				CLANG_WARN_COMMA = YES;
				CLANG_WARN_CONSTANT_CONVERSION = YES;
				CLANG_WARN_DEPRECATED_OBJC_IMPLEMENTATIONS = YES;
				CLANG_WARN_DIRECT_OBJC_ISA_USAGE = YES_ERROR;
				CLANG_WARN_DOCUMENTATION_COMMENTS = YES;
				CLANG_WARN_EMPTY_BODY = YES;
				CLANG_WARN_ENUM_CONVERSION = YES;
				CLANG_WARN_INFINITE_RECURSION = YES;
				CLANG_WARN_INT_CONVERSION = YES;
				CLANG_WARN_NON_LITERAL_NULL_CONVERSION = YES;
				CLANG_WARN_OBJC_IMPLICIT_RETAIN_SELF = YES;
				CLANG_WARN_OBJC_LITERAL_CONVERSION = YES;
				CLANG_WARN_OBJC_ROOT_CLASS = YES_ERROR;
				CLANG_WARN_QUOTED_INCLUDE_IN_FRAMEWORK_HEADER = YES;
				CLANG_WARN_RANGE_LOOP_ANALYSIS = YES;
				CLANG_WARN_STRICT_PROTOTYPES = YES;
				CLANG_WARN_SUSPICIOUS_MOVE = YES;
				CLANG_WARN_UNGUARDED_AVAILABILITY = YES_AGGRESSIVE;
				CLANG_WARN_UNREACHABLE_CODE = YES;
				CLANG_WARN__DUPLICATE_METHOD_MATCH = YES;
				COPY_PHASE_STRIP = NO;
				DEBUG_INFORMATION_FORMAT = dwarf;
				ENABLE_STRICT_OBJC_MSGSEND = YES;
				ENABLE_TESTABILITY = YES;
				GCC_C_LANGUAGE_STANDARD = gnu11;
				GCC_DYNAMIC_NO_PIC = NO;
				GCC_NO_COMMON_BLOCKS = YES;
				GCC_OPTIMIZATION_LEVEL = 0;
				GCC_PREPROCESSOR_DEFINITIONS = (
					"DEBUG=1",
					"$(inherited)",
				);
				GCC_WARN_64_TO_32_BIT_CONVERSION = YES;
				GCC_WARN_ABOUT_RETURN_TYPE = YES_ERROR;
				GCC_WARN_UNDECLARED_SELECTOR = YES;
				GCC_WARN_UNINITIALIZED_AUTOS = YES_AGGRESSIVE;
				GCC_WARN_UNUSED_FUNCTION = YES;
				GCC_WARN_UNUSED_VARIABLE = YES;
				IPHONEOS_DEPLOYMENT_TARGET = 14.5;
				MTL_ENABLE_DEBUG_INFO = INCLUDE_SOURCE;
				MTL_FAST_MATH = YES;
				ONLY_ACTIVE_ARCH = YES;
				SDKROOT = iphoneos;
				SWIFT_ACTIVE_COMPILATION_CONDITIONS = DEBUG;
				SWIFT_OPTIMIZATION_LEVEL = "-Onone";
			};
			name = Debug;
		};
		9C6B26C3268FDD2600E4D428 /* Release */ = {
			isa = XCBuildConfiguration;
			buildSettings = {
				ALWAYS_SEARCH_USER_PATHS = NO;
				CLANG_ANALYZER_NONNULL = YES;
				CLANG_ANALYZER_NUMBER_OBJECT_CONVERSION = YES_AGGRESSIVE;
				CLANG_CXX_LANGUAGE_STANDARD = "gnu++14";
				CLANG_CXX_LIBRARY = "libc++";
				CLANG_ENABLE_MODULES = YES;
				CLANG_ENABLE_OBJC_ARC = YES;
				CLANG_ENABLE_OBJC_WEAK = YES;
				CLANG_WARN_BLOCK_CAPTURE_AUTORELEASING = YES;
				CLANG_WARN_BOOL_CONVERSION = YES;
				CLANG_WARN_COMMA = YES;
				CLANG_WARN_CONSTANT_CONVERSION = YES;
				CLANG_WARN_DEPRECATED_OBJC_IMPLEMENTATIONS = YES;
				CLANG_WARN_DIRECT_OBJC_ISA_USAGE = YES_ERROR;
				CLANG_WARN_DOCUMENTATION_COMMENTS = YES;
				CLANG_WARN_EMPTY_BODY = YES;
				CLANG_WARN_ENUM_CONVERSION = YES;
				CLANG_WARN_INFINITE_RECURSION = YES;
				CLANG_WARN_INT_CONVERSION = YES;
				CLANG_WARN_NON_LITERAL_NULL_CONVERSION = YES;
				CLANG_WARN_OBJC_IMPLICIT_RETAIN_SELF = YES;
				CLANG_WARN_OBJC_LITERAL_CONVERSION = YES;
				CLANG_WARN_OBJC_ROOT_CLASS = YES_ERROR;
				CLANG_WARN_QUOTED_INCLUDE_IN_FRAMEWORK_HEADER = YES;
				CLANG_WARN_RANGE_LOOP_ANALYSIS = YES;
				CLANG_WARN_STRICT_PROTOTYPES = YES;
				CLANG_WARN_SUSPICIOUS_MOVE = YES;
				CLANG_WARN_UNGUARDED_AVAILABILITY = YES_AGGRESSIVE;
				CLANG_WARN_UNREACHABLE_CODE = YES;
				CLANG_WARN__DUPLICATE_METHOD_MATCH = YES;
				COPY_PHASE_STRIP = NO;
				DEBUG_INFORMATION_FORMAT = "dwarf-with-dsym";
				ENABLE_NS_ASSERTIONS = NO;
				ENABLE_STRICT_OBJC_MSGSEND = YES;
				GCC_C_LANGUAGE_STANDARD = gnu11;
				GCC_NO_COMMON_BLOCKS = YES;
				GCC_WARN_64_TO_32_BIT_CONVERSION = YES;
				GCC_WARN_ABOUT_RETURN_TYPE = YES_ERROR;
				GCC_WARN_UNDECLARED_SELECTOR = YES;
				GCC_WARN_UNINITIALIZED_AUTOS = YES_AGGRESSIVE;
				GCC_WARN_UNUSED_FUNCTION = YES;
				GCC_WARN_UNUSED_VARIABLE = YES;
				IPHONEOS_DEPLOYMENT_TARGET = 14.5;
				MTL_ENABLE_DEBUG_INFO = NO;
				MTL_FAST_MATH = YES;
				SDKROOT = iphoneos;
				SWIFT_COMPILATION_MODE = wholemodule;
				SWIFT_OPTIMIZATION_LEVEL = "-O";
				VALIDATE_PRODUCT = YES;
			};
			name = Release;
		};
		9C6B26C5268FDD2600E4D428 /* Debug */ = {
			isa = XCBuildConfiguration;
			buildSettings = {
				ASSETCATALOG_COMPILER_APPICON_NAME = AppIcon;
				ASSETCATALOG_COMPILER_GLOBAL_ACCENT_COLOR_NAME = AccentColor;
				CODE_SIGN_STYLE = Automatic;
				CURRENT_PROJECT_VERSION = 2;
				DEVELOPMENT_ASSET_PATHS = "\"SubTrack/Preview Content\"";
				DEVELOPMENT_TEAM = CQBWLP3366;
				ENABLE_PREVIEWS = YES;
				INFOPLIST_FILE = SubTrack/Info.plist;
				IPHONEOS_DEPLOYMENT_TARGET = 14.0;
				LD_RUNPATH_SEARCH_PATHS = (
					"$(inherited)",
					"@executable_path/Frameworks",
				);
				MARKETING_VERSION = 0.2.0;
				PRODUCT_BUNDLE_IDENTIFIER = com.lorenzozemp.SubTrack;
				PRODUCT_NAME = "$(TARGET_NAME)";
				SWIFT_VERSION = 5.0;
				TARGETED_DEVICE_FAMILY = 1;
			};
			name = Debug;
		};
		9C6B26C6268FDD2600E4D428 /* Release */ = {
			isa = XCBuildConfiguration;
			buildSettings = {
				ASSETCATALOG_COMPILER_APPICON_NAME = AppIcon;
				ASSETCATALOG_COMPILER_GLOBAL_ACCENT_COLOR_NAME = AccentColor;
				CODE_SIGN_STYLE = Automatic;
				CURRENT_PROJECT_VERSION = 2;
				DEVELOPMENT_ASSET_PATHS = "\"SubTrack/Preview Content\"";
				DEVELOPMENT_TEAM = CQBWLP3366;
				ENABLE_PREVIEWS = YES;
				INFOPLIST_FILE = SubTrack/Info.plist;
				IPHONEOS_DEPLOYMENT_TARGET = 14.0;
				LD_RUNPATH_SEARCH_PATHS = (
					"$(inherited)",
					"@executable_path/Frameworks",
				);
				MARKETING_VERSION = 0.2.0;
				PRODUCT_BUNDLE_IDENTIFIER = com.lorenzozemp.SubTrack;
				PRODUCT_NAME = "$(TARGET_NAME)";
				SWIFT_VERSION = 5.0;
				TARGETED_DEVICE_FAMILY = 1;
			};
			name = Release;
		};
/* End XCBuildConfiguration section */

/* Begin XCConfigurationList section */
		9C6B26B0268FDD2400E4D428 /* Build configuration list for PBXProject "SubTrack" */ = {
			isa = XCConfigurationList;
			buildConfigurations = (
				9C6B26C2268FDD2600E4D428 /* Debug */,
				9C6B26C3268FDD2600E4D428 /* Release */,
			);
			defaultConfigurationIsVisible = 0;
			defaultConfigurationName = Release;
		};
		9C6B26C4268FDD2600E4D428 /* Build configuration list for PBXNativeTarget "SubTrack" */ = {
			isa = XCConfigurationList;
			buildConfigurations = (
				9C6B26C5268FDD2600E4D428 /* Debug */,
				9C6B26C6268FDD2600E4D428 /* Release */,
			);
			defaultConfigurationIsVisible = 0;
			defaultConfigurationName = Release;
		};
/* End XCConfigurationList section */
	};
	rootObject = 9C6B26AD268FDD2400E4D428 /* Project object */;
}
