// !$*UTF8*$!
{
	archiveVersion = 1;
	classes = {
	};
	objectVersion = 50;
	objects = {

/* Begin PBXBuildFile section */
		9C6B26B9268FDD2400E4D428 /* SubTrackApp.swift in Sources */ = {isa = PBXBuildFile; fileRef = 9C6B26B8268FDD2400E4D428 /* SubTrackApp.swift */; };
		9C6B26BB268FDD2400E4D428 /* AllSubscriptionsView.swift in Sources */ = {isa = PBXBuildFile; fileRef = 9C6B26BA268FDD2400E4D428 /* AllSubscriptionsView.swift */; };
		9C6B26BD268FDD2600E4D428 /* Assets.xcassets in Resources */ = {isa = PBXBuildFile; fileRef = 9C6B26BC268FDD2600E4D428 /* Assets.xcassets */; };
		9C6B26C0268FDD2600E4D428 /* Preview Assets.xcassets in Resources */ = {isa = PBXBuildFile; fileRef = 9C6B26BF268FDD2600E4D428 /* Preview Assets.xcassets */; };
		9C6B26CA268FF74000E4D428 /* UpcomingSubscriptionsView.swift in Sources */ = {isa = PBXBuildFile; fileRef = 9C6B26C9268FF74000E4D428 /* UpcomingSubscriptionsView.swift */; };
		9C6B26CC268FF76000E4D428 /* SubTrackTabView.swift in Sources */ = {isa = PBXBuildFile; fileRef = 9C6B26CB268FF76000E4D428 /* SubTrackTabView.swift */; };
		9C6B26CE26901F2E00E4D428 /* Subscription.swift in Sources */ = {isa = PBXBuildFile; fileRef = 9C6B26CD26901F2E00E4D428 /* Subscription.swift */; };
		9C9E0EDE269198EE006445CF /* SubTrackViewModel.swift in Sources */ = {isa = PBXBuildFile; fileRef = 9C9E0EDD269198EE006445CF /* SubTrackViewModel.swift */; };
/* End PBXBuildFile section */

/* Begin PBXFileReference section */
		9C6B26B5268FDD2400E4D428 /* SubTrack.app */ = {isa = PBXFileReference; explicitFileType = wrapper.application; includeInIndex = 0; path = SubTrack.app; sourceTree = BUILT_PRODUCTS_DIR; };
		9C6B26B8268FDD2400E4D428 /* SubTrackApp.swift */ = {isa = PBXFileReference; lastKnownFileType = sourcecode.swift; path = SubTrackApp.swift; sourceTree = "<group>"; };
		9C6B26BA268FDD2400E4D428 /* AllSubscriptionsView.swift */ = {isa = PBXFileReference; lastKnownFileType = sourcecode.swift; path = AllSubscriptionsView.swift; sourceTree = "<group>"; };
		9C6B26BC268FDD2600E4D428 /* Assets.xcassets */ = {isa = PBXFileReference; lastKnownFileType = folder.assetcatalog; path = Assets.xcassets; sourceTree = "<group>"; };
		9C6B26BF268FDD2600E4D428 /* Preview Assets.xcassets */ = {isa = PBXFileReference; lastKnownFileType = folder.assetcatalog; path = "Preview Assets.xcassets"; sourceTree = "<group>"; };
		9C6B26C1268FDD2600E4D428 /* Info.plist */ = {isa = PBXFileReference; lastKnownFileType = text.plist.xml; path = Info.plist; sourceTree = "<group>"; };
		9C6B26C9268FF74000E4D428 /* UpcomingSubscriptionsView.swift */ = {isa = PBXFileReference; lastKnownFileType = sourcecode.swift; path = UpcomingSubscriptionsView.swift; sourceTree = "<group>"; };
		9C6B26CB268FF76000E4D428 /* SubTrackTabView.swift */ = {isa = PBXFileReference; lastKnownFileType = sourcecode.swift; path = SubTrackTabView.swift; sourceTree = "<group>"; };
		9C6B26CD26901F2E00E4D428 /* Subscription.swift */ = {isa = PBXFileReference; lastKnownFileType = sourcecode.swift; path = Subscription.swift; sourceTree = "<group>"; };
		9C9E0EDD269198EE006445CF /* SubTrackViewModel.swift */ = {isa = PBXFileReference; lastKnownFileType = sourcecode.swift; path = SubTrackViewModel.swift; sourceTree = "<group>"; };
/* End PBXFileReference section */

/* Begin PBXFrameworksBuildPhase section */
		9C6B26B2268FDD2400E4D428 /* Frameworks */ = {
			isa = PBXFrameworksBuildPhase;
			buildActionMask = 2147483647;
			files = (
			);
			runOnlyForDeploymentPostprocessing = 0;
		};
/* End PBXFrameworksBuildPhase section */

/* Begin PBXGroup section */
		9C6B26AC268FDD2400E4D428 = {
			isa = PBXGroup;
			children = (
				9C6B26B7268FDD2400E4D428 /* SubTrack */,
				9C6B26B6268FDD2400E4D428 /* Products */,
			);
			sourceTree = "<group>";
		};
		9C6B26B6268FDD2400E4D428 /* Products */ = {
			isa = PBXGroup;
			children = (
				9C6B26B5268FDD2400E4D428 /* SubTrack.app */,
			);
			name = Products;
			sourceTree = "<group>";
		};
		9C6B26B7268FDD2400E4D428 /* SubTrack */ = {
			isa = PBXGroup;
			children = (
				9C6B26B8268FDD2400E4D428 /* SubTrackApp.swift */,
				9C6B26CB268FF76000E4D428 /* SubTrackTabView.swift */,
				9C6B26BA268FDD2400E4D428 /* AllSubscriptionsView.swift */,
				9C9E0EDD269198EE006445CF /* SubTrackViewModel.swift */,
				9C6B26C9268FF74000E4D428 /* UpcomingSubscriptionsView.swift */,
				9C6B26CD26901F2E00E4D428 /* Subscription.swift */,
				9C6B26BC268FDD2600E4D428 /* Assets.xcassets */,
				9C6B26C1268FDD2600E4D428 /* Info.plist */,
				9C6B26BE268FDD2600E4D428 /* Preview Content */,
			);
			path = SubTrack;
			sourceTree = "<group>";
		};
		9C6B26BE268FDD2600E4D428 /* Preview Content */ = {
			isa = PBXGroup;
			children = (
				9C6B26BF268FDD2600E4D428 /* Preview Assets.xcassets */,
			);
			path = "Preview Content";
			sourceTree = "<group>";
		};
/* End PBXGroup section */

/* Begin PBXNativeTarget section */
		9C6B26B4268FDD2400E4D428 /* SubTrack */ = {
			isa = PBXNativeTarget;
			buildConfigurationList = 9C6B26C4268FDD2600E4D428 /* Build configuration list for PBXNativeTarget "SubTrack" */;
			buildPhases = (
				9C6B26B1268FDD2400E4D428 /* Sources */,
				9C6B26B2268FDD2400E4D428 /* Frameworks */,
				9C6B26B3268FDD2400E4D428 /* Resources */,
			);
			buildRules = (
			);
			dependencies = (
			);
			name = SubTrack;
			productName = SubTrack;
			productReference = 9C6B26B5268FDD2400E4D428 /* SubTrack.app */;
			productType = "com.apple.product-type.application";
		};
/* End PBXNativeTarget section */

/* Begin PBXProject section */
		9C6B26AD268FDD2400E4D428 /* Project object */ = {
			isa = PBXProject;
			attributes = {
				LastSwiftUpdateCheck = 1250;
				LastUpgradeCheck = 1250;
				TargetAttributes = {
					9C6B26B4268FDD2400E4D428 = {
						CreatedOnToolsVersion = 12.5.1;
					};
				};
			};
			buildConfigurationList = 9C6B26B0268FDD2400E4D428 /* Build configuration list for PBXProject "SubTrack" */;
			compatibilityVersion = "Xcode 9.3";
			developmentRegion = en;
			hasScannedForEncodings = 0;
			knownRegions = (
				en,
				Base,
			);
			mainGroup = 9C6B26AC268FDD2400E4D428;
			productRefGroup = 9C6B26B6268FDD2400E4D428 /* Products */;
			projectDirPath = "";
			projectRoot = "";
			targets = (
				9C6B26B4268FDD2400E4D428 /* SubTrack */,
			);
		};
/* End PBXProject section */

/* Begin PBXResourcesBuildPhase section */
		9C6B26B3268FDD2400E4D428 /* Resources */ = {
			isa = PBXResourcesBuildPhase;
			buildActionMask = 2147483647;
			files = (
				9C6B26C0268FDD2600E4D428 /* Preview Assets.xcassets in Resources */,
				9C6B26BD268FDD2600E4D428 /* Assets.xcassets in Resources */,
			);
			runOnlyForDeploymentPostprocessing = 0;
		};
/* End PBXResourcesBuildPhase section */

/* Begin PBXSourcesBuildPhase section */
		9C6B26B1268FDD2400E4D428 /* Sources */ = {
			isa = PBXSourcesBuildPhase;
			buildActionMask = 2147483647;
			files = (
				9C6B26BB268FDD2400E4D428 /* AllSubscriptionsView.swift in Sources */,
				9C9E0EDE269198EE006445CF /* SubTrackViewModel.swift in Sources */,
				9C6B26CC268FF76000E4D428 /* SubTrackTabView.swift in Sources */,
				9C6B26CA268FF74000E4D428 /* UpcomingSubscriptionsView.swift in Sources */,
				9C6B26B9268FDD2400E4D428 /* SubTrackApp.swift in Sources */,
				9C6B26CE26901F2E00E4D428 /* Subscription.swift in Sources */,
			);
			runOnlyForDeploymentPostprocessing = 0;
		};
/* End PBXSourcesBuildPhase section */

/* Begin XCBuildConfiguration section */
		9C6B26C2268FDD2600E4D428 /* Debug */ = {
			isa = XCBuildConfiguration;
			buildSettings = {
				ALWAYS_SEARCH_USER_PATHS = NO;
				CLANG_ANALYZER_NONNULL = YES;
				CLANG_ANALYZER_NUMBER_OBJECT_CONVERSION = YES_AGGRESSIVE;
				CLANG_CXX_LANGUAGE_STANDARD = "gnu++14";
				CLANG_CXX_LIBRARY = "libc++";
				CLANG_ENABLE_MODULES = YES;
				CLANG_ENABLE_OBJC_ARC = YES;
				CLANG_ENABLE_OBJC_WEAK = YES;
				CLANG_WARN_BLOCK_CAPTURE_AUTORELEASING = YES;
				CLANG_WARN_BOOL_CONVERSION = YES;
				CLANG_WARN_COMMA = YES;
				CLANG_WARN_CONSTANT_CONVERSION = YES;
				CLANG_WARN_DEPRECATED_OBJC_IMPLEMENTATIONS = YES;
				CLANG_WARN_DIRECT_OBJC_ISA_USAGE = YES_ERROR;
				CLANG_WARN_DOCUMENTATION_COMMENTS = YES;
				CLANG_WARN_EMPTY_BODY = YES;
				CLANG_WARN_ENUM_CONVERSION = YES;
				CLANG_WARN_INFINITE_RECURSION = YES;
				CLANG_WARN_INT_CONVERSION = YES;
				CLANG_WARN_NON_LITERAL_NULL_CONVERSION = YES;
				CLANG_WARN_OBJC_IMPLICIT_RETAIN_SELF = YES;
				CLANG_WARN_OBJC_LITERAL_CONVERSION = YES;
				CLANG_WARN_OBJC_ROOT_CLASS = YES_ERROR;
				CLANG_WARN_QUOTED_INCLUDE_IN_FRAMEWORK_HEADER = YES;
				CLANG_WARN_RANGE_LOOP_ANALYSIS = YES;
				CLANG_WARN_STRICT_PROTOTYPES = YES;
				CLANG_WARN_SUSPICIOUS_MOVE = YES;
				CLANG_WARN_UNGUARDED_AVAILABILITY = YES_AGGRESSIVE;
				CLANG_WARN_UNREACHABLE_CODE = YES;
				CLANG_WARN__DUPLICATE_METHOD_MATCH = YES;
				COPY_PHASE_STRIP = NO;
				DEBUG_INFORMATION_FORMAT = dwarf;
				ENABLE_STRICT_OBJC_MSGSEND = YES;
				ENABLE_TESTABILITY = YES;
				GCC_C_LANGUAGE_STANDARD = gnu11;
				GCC_DYNAMIC_NO_PIC = NO;
				GCC_NO_COMMON_BLOCKS = YES;
				GCC_OPTIMIZATION_LEVEL = 0;
				GCC_PREPROCESSOR_DEFINITIONS = (
					"DEBUG=1",
					"$(inherited)",
				);
				GCC_WARN_64_TO_32_BIT_CONVERSION = YES;
				GCC_WARN_ABOUT_RETURN_TYPE = YES_ERROR;
				GCC_WARN_UNDECLARED_SELECTOR = YES;
				GCC_WARN_UNINITIALIZED_AUTOS = YES_AGGRESSIVE;
				GCC_WARN_UNUSED_FUNCTION = YES;
				GCC_WARN_UNUSED_VARIABLE = YES;
				IPHONEOS_DEPLOYMENT_TARGET = 14.5;
				MTL_ENABLE_DEBUG_INFO = INCLUDE_SOURCE;
				MTL_FAST_MATH = YES;
				ONLY_ACTIVE_ARCH = YES;
				SDKROOT = iphoneos;
				SWIFT_ACTIVE_COMPILATION_CONDITIONS = DEBUG;
				SWIFT_OPTIMIZATION_LEVEL = "-Onone";
			};
			name = Debug;
		};
		9C6B26C3268FDD2600E4D428 /* Release */ = {
			isa = XCBuildConfiguration;
			buildSettings = {
				ALWAYS_SEARCH_USER_PATHS = NO;
				CLANG_ANALYZER_NONNULL = YES;
				CLANG_ANALYZER_NUMBER_OBJECT_CONVERSION = YES_AGGRESSIVE;
				CLANG_CXX_LANGUAGE_STANDARD = "gnu++14";
				CLANG_CXX_LIBRARY = "libc++";
				CLANG_ENABLE_MODULES = YES;
				CLANG_ENABLE_OBJC_ARC = YES;
				CLANG_ENABLE_OBJC_WEAK = YES;
				CLANG_WARN_BLOCK_CAPTURE_AUTORELEASING = YES;
				CLANG_WARN_BOOL_CONVERSION = YES;
				CLANG_WARN_COMMA = YES;
				CLANG_WARN_CONSTANT_CONVERSION = YES;
				CLANG_WARN_DEPRECATED_OBJC_IMPLEMENTATIONS = YES;
				CLANG_WARN_DIRECT_OBJC_ISA_USAGE = YES_ERROR;
				CLANG_WARN_DOCUMENTATION_COMMENTS = YES;
				CLANG_WARN_EMPTY_BODY = YES;
				CLANG_WARN_ENUM_CONVERSION = YES;
				CLANG_WARN_INFINITE_RECURSION = YES;
				CLANG_WARN_INT_CONVERSION = YES;
				CLANG_WARN_NON_LITERAL_NULL_CONVERSION = YES;
				CLANG_WARN_OBJC_IMPLICIT_RETAIN_SELF = YES;
				CLANG_WARN_OBJC_LITERAL_CONVERSION = YES;
				CLANG_WARN_OBJC_ROOT_CLASS = YES_ERROR;
				CLANG_WARN_QUOTED_INCLUDE_IN_FRAMEWORK_HEADER = YES;
				CLANG_WARN_RANGE_LOOP_ANALYSIS = YES;
				CLANG_WARN_STRICT_PROTOTYPES = YES;
				CLANG_WARN_SUSPICIOUS_MOVE = YES;
				CLANG_WARN_UNGUARDED_AVAILABILITY = YES_AGGRESSIVE;
				CLANG_WARN_UNREACHABLE_CODE = YES;
				CLANG_WARN__DUPLICATE_METHOD_MATCH = YES;
				COPY_PHASE_STRIP = NO;
				DEBUG_INFORMATION_FORMAT = "dwarf-with-dsym";
				ENABLE_NS_ASSERTIONS = NO;
				ENABLE_STRICT_OBJC_MSGSEND = YES;
				GCC_C_LANGUAGE_STANDARD = gnu11;
				GCC_NO_COMMON_BLOCKS = YES;
				GCC_WARN_64_TO_32_BIT_CONVERSION = YES;
				GCC_WARN_ABOUT_RETURN_TYPE = YES_ERROR;
				GCC_WARN_UNDECLARED_SELECTOR = YES;
				GCC_WARN_UNINITIALIZED_AUTOS = YES_AGGRESSIVE;
				GCC_WARN_UNUSED_FUNCTION = YES;
				GCC_WARN_UNUSED_VARIABLE = YES;
				IPHONEOS_DEPLOYMENT_TARGET = 14.5;
				MTL_ENABLE_DEBUG_INFO = NO;
				MTL_FAST_MATH = YES;
				SDKROOT = iphoneos;
				SWIFT_COMPILATION_MODE = wholemodule;
				SWIFT_OPTIMIZATION_LEVEL = "-O";
				VALIDATE_PRODUCT = YES;
			};
			name = Release;
		};
		9C6B26C5268FDD2600E4D428 /* Debug */ = {
			isa = XCBuildConfiguration;
			buildSettings = {
				ASSETCATALOG_COMPILER_APPICON_NAME = AppIcon;
				ASSETCATALOG_COMPILER_GLOBAL_ACCENT_COLOR_NAME = AccentColor;
				CODE_SIGN_STYLE = Automatic;
				DEVELOPMENT_ASSET_PATHS = "\"SubTrack/Preview Content\"";
				DEVELOPMENT_TEAM = CQBWLP3366;
				ENABLE_PREVIEWS = YES;
				INFOPLIST_FILE = SubTrack/Info.plist;
				IPHONEOS_DEPLOYMENT_TARGET = 14.0;
				LD_RUNPATH_SEARCH_PATHS = (
					"$(inherited)",
					"@executable_path/Frameworks",
				);
				PRODUCT_BUNDLE_IDENTIFIER = com.lorenzozemp.SubTrack;
				PRODUCT_NAME = "$(TARGET_NAME)";
				SWIFT_VERSION = 5.0;
				TARGETED_DEVICE_FAMILY = "1,2";
			};
			name = Debug;
		};
		9C6B26C6268FDD2600E4D428 /* Release */ = {
			isa = XCBuildConfiguration;
			buildSettings = {
				ASSETCATALOG_COMPILER_APPICON_NAME = AppIcon;
				ASSETCATALOG_COMPILER_GLOBAL_ACCENT_COLOR_NAME = AccentColor;
				CODE_SIGN_STYLE = Automatic;
				DEVELOPMENT_ASSET_PATHS = "\"SubTrack/Preview Content\"";
				DEVELOPMENT_TEAM = CQBWLP3366;
				ENABLE_PREVIEWS = YES;
				INFOPLIST_FILE = SubTrack/Info.plist;
				IPHONEOS_DEPLOYMENT_TARGET = 14.0;
				LD_RUNPATH_SEARCH_PATHS = (
					"$(inherited)",
					"@executable_path/Frameworks",
				);
				PRODUCT_BUNDLE_IDENTIFIER = com.lorenzozemp.SubTrack;
				PRODUCT_NAME = "$(TARGET_NAME)";
				SWIFT_VERSION = 5.0;
				TARGETED_DEVICE_FAMILY = "1,2";
			};
			name = Release;
		};
/* End XCBuildConfiguration section */

/* Begin XCConfigurationList section */
		9C6B26B0268FDD2400E4D428 /* Build configuration list for PBXProject "SubTrack" */ = {
			isa = XCConfigurationList;
			buildConfigurations = (
				9C6B26C2268FDD2600E4D428 /* Debug */,
				9C6B26C3268FDD2600E4D428 /* Release */,
			);
			defaultConfigurationIsVisible = 0;
			defaultConfigurationName = Release;
		};
		9C6B26C4268FDD2600E4D428 /* Build configuration list for PBXNativeTarget "SubTrack" */ = {
			isa = XCConfigurationList;
			buildConfigurations = (
				9C6B26C5268FDD2600E4D428 /* Debug */,
				9C6B26C6268FDD2600E4D428 /* Release */,
			);
			defaultConfigurationIsVisible = 0;
			defaultConfigurationName = Release;
		};
/* End XCConfigurationList section */
	};
	rootObject = 9C6B26AD268FDD2400E4D428 /* Project object */;
}
